
Microsoft Visual Studio Solution File, Format Version 12.00
# Visual Studio Version 17
VisualStudioVersion = 17.2.32616.157
MinimumVisualStudioVersion = 10.0.40219.1
Project("{FAE04EC0-301F-11D3-BF4B-00C04F79EFBC}") = "Assessment3Team", "Assessment3Team\Assessment3Team.csproj", "{406CD9E2-32F1-4C34-836A-795E936582BE}"
EndProject
Global
	GlobalSection(SolutionConfigurationPlatforms) = preSolution
		Debug|Any CPU = Debug|Any CPU
		Release|Any CPU = Release|Any CPU
	EndGlobalSection
	GlobalSection(ProjectConfigurationPlatforms) = postSolution
		{406CD9E2-32F1-4C34-836A-795E936582BE}.Debug|Any CPU.ActiveCfg = Debug|Any CPU
		{406CD9E2-32F1-4C34-836A-795E936582BE}.Debug|Any CPU.Build.0 = Debug|Any CPU
		{406CD9E2-32F1-4C34-836A-795E936582BE}.Release|Any CPU.ActiveCfg = Release|Any CPU
		{406CD9E2-32F1-4C34-836A-795E936582BE}.Release|Any CPU.Build.0 = Release|Any CPU
	EndGlobalSection
	GlobalSection(SolutionProperties) = preSolution
		HideSolutionNode = FALSE
	EndGlobalSection
	GlobalSection(ExtensibilityGlobals) = postSolution
		SolutionGuid = {EF088678-7727-4D08-BFE7-A82EFE849621}
	EndGlobalSection
EndGlobal
